
Microsoft Visual Studio Solution File, Format Version 12.00
# Visual Studio Version 16
VisualStudioVersion = 16.0.31702.278
MinimumVisualStudioVersion = 10.0.40219.1
Project("{FAE04EC0-301F-11D3-BF4B-00C04F79EFBC}") = "HomeworkWPF6T1", "HomeworkWPF6T1.csproj", "{1B3FCF2F-EAFB-437B-8734-28E802EAA283}"
EndProject
Global
	GlobalSection(SolutionConfigurationPlatforms) = preSolution
		Debug|Any CPU = Debug|Any CPU
		Release|Any CPU = Release|Any CPU
	EndGlobalSection
	GlobalSection(ProjectConfigurationPlatforms) = postSolution
		{1B3FCF2F-EAFB-437B-8734-28E802EAA283}.Debug|Any CPU.ActiveCfg = Debug|Any CPU
		{1B3FCF2F-EAFB-437B-8734-28E802EAA283}.Debug|Any CPU.Build.0 = Debug|Any CPU
		{1B3FCF2F-EAFB-437B-8734-28E802EAA283}.Release|Any CPU.ActiveCfg = Release|Any CPU
		{1B3FCF2F-EAFB-437B-8734-28E802EAA283}.Release|Any CPU.Build.0 = Release|Any CPU
	EndGlobalSection
	GlobalSection(SolutionProperties) = preSolution
		HideSolutionNode = FALSE
	EndGlobalSection
	GlobalSection(ExtensibilityGlobals) = postSolution
		SolutionGuid = {1E50383D-910A-4F5F-A267-64E41FEFDED6}
	EndGlobalSection
EndGlobal
